
Microsoft Visual Studio Solution File, Format Version 12.00
# Visual Studio 15
VisualStudioVersion = 15.0.28010.2048
MinimumVisualStudioVersion = 10.0.40219.1
Project("{FAE04EC0-301F-11D3-BF4B-00C04F79EFBC}") = "Facturacion", "Facturacion\Facturacion.csproj", "{3414164D-4064-4FC1-BB22-361D4F4FA2B5}"
EndProject
Global
	GlobalSection(SolutionConfigurationPlatforms) = preSolution
		Debug|Any CPU = Debug|Any CPU
		Release|Any CPU = Release|Any CPU
	EndGlobalSection
	GlobalSection(ProjectConfigurationPlatforms) = postSolution
		{3414164D-4064-4FC1-BB22-361D4F4FA2B5}.Debug|Any CPU.ActiveCfg = Debug|Any CPU
		{3414164D-4064-4FC1-BB22-361D4F4FA2B5}.Debug|Any CPU.Build.0 = Debug|Any CPU
		{3414164D-4064-4FC1-BB22-361D4F4FA2B5}.Release|Any CPU.ActiveCfg = Release|Any CPU
		{3414164D-4064-4FC1-BB22-361D4F4FA2B5}.Release|Any CPU.Build.0 = Release|Any CPU
	EndGlobalSection
	GlobalSection(SolutionProperties) = preSolution
		HideSolutionNode = FALSE
	EndGlobalSection
	GlobalSection(ExtensibilityGlobals) = postSolution
		SolutionGuid = {1E6EA156-823A-4596-A308-6ED8F8CCB2DE}
	EndGlobalSection
EndGlobal
